
Microsoft Visual Studio Solution File, Format Version 12.00
# Visual Studio Version 16
VisualStudioVersion = 16.0.33214.272
MinimumVisualStudioVersion = 10.0.40219.1
Project("{FAE04EC0-301F-11D3-BF4B-00C04F79EFBC}") = "pralt13_1", "pralt13_1\pralt13_1.csproj", "{A4913AD2-2857-47FC-9F91-A5ED4B6A169D}"
EndProject
Global
	GlobalSection(SolutionConfigurationPlatforms) = preSolution
		Debug|Any CPU = Debug|Any CPU
		Release|Any CPU = Release|Any CPU
	EndGlobalSection
	GlobalSection(ProjectConfigurationPlatforms) = postSolution
		{A4913AD2-2857-47FC-9F91-A5ED4B6A169D}.Debug|Any CPU.ActiveCfg = Debug|Any CPU
		{A4913AD2-2857-47FC-9F91-A5ED4B6A169D}.Debug|Any CPU.Build.0 = Debug|Any CPU
		{A4913AD2-2857-47FC-9F91-A5ED4B6A169D}.Release|Any CPU.ActiveCfg = Release|Any CPU
		{A4913AD2-2857-47FC-9F91-A5ED4B6A169D}.Release|Any CPU.Build.0 = Release|Any CPU
	EndGlobalSection
	GlobalSection(SolutionProperties) = preSolution
		HideSolutionNode = FALSE
	EndGlobalSection
	GlobalSection(ExtensibilityGlobals) = postSolution
		SolutionGuid = {9259E634-4CEC-40BD-A42D-FBEF41E1579B}
	EndGlobalSection
EndGlobal
