
Microsoft Visual Studio Solution File, Format Version 12.00
# Visual Studio Version 16
VisualStudioVersion = 16.0.33214.272
MinimumVisualStudioVersion = 10.0.40219.1
Project("{FAE04EC0-301F-11D3-BF4B-00C04F79EFBC}") = "prakt13_2", "prakt13_2\prakt13_2.csproj", "{A0B02EFE-8B49-4C1D-84EC-8DE8AABC2C54}"
EndProject
Global
	GlobalSection(SolutionConfigurationPlatforms) = preSolution
		Debug|Any CPU = Debug|Any CPU
		Release|Any CPU = Release|Any CPU
	EndGlobalSection
	GlobalSection(ProjectConfigurationPlatforms) = postSolution
		{A0B02EFE-8B49-4C1D-84EC-8DE8AABC2C54}.Debug|Any CPU.ActiveCfg = Debug|Any CPU
		{A0B02EFE-8B49-4C1D-84EC-8DE8AABC2C54}.Debug|Any CPU.Build.0 = Debug|Any CPU
		{A0B02EFE-8B49-4C1D-84EC-8DE8AABC2C54}.Release|Any CPU.ActiveCfg = Release|Any CPU
		{A0B02EFE-8B49-4C1D-84EC-8DE8AABC2C54}.Release|Any CPU.Build.0 = Release|Any CPU
	EndGlobalSection
	GlobalSection(SolutionProperties) = preSolution
		HideSolutionNode = FALSE
	EndGlobalSection
	GlobalSection(ExtensibilityGlobals) = postSolution
		SolutionGuid = {FECCC86D-B9E2-4C2E-B123-4BA46547FA86}
	EndGlobalSection
EndGlobal
